
Microsoft Visual Studio Solution File, Format Version 12.00
# Visual Studio Version 17
VisualStudioVersion = 17.9.34902.65
MinimumVisualStudioVersion = 10.0.40219.1
Project("{FAE04EC0-301F-11D3-BF4B-00C04F79EFBC}") = "BootCamp-Inheritance-Polymorphism", "BootCamp-Inheritance-Polymorphism\BootCamp-Inheritance-Polymorphism.csproj", "{5BA9EBE7-0C70-42A3-ABA0-401C9131EC65}"
EndProject
Global
	GlobalSection(SolutionConfigurationPlatforms) = preSolution
		Debug|Any CPU = Debug|Any CPU
		Release|Any CPU = Release|Any CPU
	EndGlobalSection
	GlobalSection(ProjectConfigurationPlatforms) = postSolution
		{5BA9EBE7-0C70-42A3-ABA0-401C9131EC65}.Debug|Any CPU.ActiveCfg = Debug|Any CPU
		{5BA9EBE7-0C70-42A3-ABA0-401C9131EC65}.Debug|Any CPU.Build.0 = Debug|Any CPU
		{5BA9EBE7-0C70-42A3-ABA0-401C9131EC65}.Release|Any CPU.ActiveCfg = Release|Any CPU
		{5BA9EBE7-0C70-42A3-ABA0-401C9131EC65}.Release|Any CPU.Build.0 = Release|Any CPU
	EndGlobalSection
	GlobalSection(SolutionProperties) = preSolution
		HideSolutionNode = FALSE
	EndGlobalSection
	GlobalSection(ExtensibilityGlobals) = postSolution
		SolutionGuid = {00FBAF64-8CBD-4754-9B6E-6474BD1F88D9}
	EndGlobalSection
EndGlobal
